
Microsoft Visual Studio Solution File, Format Version 12.00
# Visual Studio Version 17
VisualStudioVersion = 17.5.33424.131
MinimumVisualStudioVersion = 10.0.40219.1
Project("{FAE04EC0-301F-11D3-BF4B-00C04F79EFBC}") = "PlatformWell_Assessment", "PlatformWell_Assessment\PlatformWell_Assessment.csproj", "{AC69ECBE-267F-46D8-A1C2-E6CBC72C8F9C}"
EndProject
Global
	GlobalSection(SolutionConfigurationPlatforms) = preSolution
		Debug|Any CPU = Debug|Any CPU
		Release|Any CPU = Release|Any CPU
	EndGlobalSection
	GlobalSection(ProjectConfigurationPlatforms) = postSolution
		{AC69ECBE-267F-46D8-A1C2-E6CBC72C8F9C}.Debug|Any CPU.ActiveCfg = Debug|Any CPU
		{AC69ECBE-267F-46D8-A1C2-E6CBC72C8F9C}.Debug|Any CPU.Build.0 = Debug|Any CPU
		{AC69ECBE-267F-46D8-A1C2-E6CBC72C8F9C}.Release|Any CPU.ActiveCfg = Release|Any CPU
		{AC69ECBE-267F-46D8-A1C2-E6CBC72C8F9C}.Release|Any CPU.Build.0 = Release|Any CPU
	EndGlobalSection
	GlobalSection(SolutionProperties) = preSolution
		HideSolutionNode = FALSE
	EndGlobalSection
	GlobalSection(ExtensibilityGlobals) = postSolution
		SolutionGuid = {F63C96E4-D974-460E-BCCB-253C2DBB7A44}
	EndGlobalSection
EndGlobal
